// !$*UTF8*$!
{
	archiveVersion = 1;
	classes = {
	};
	objectVersion = 46;
	objects = {

/* Begin PBXBuildFile section */
		840344461F9EE5DE00296738 /* main.cpp in Sources */ = {isa = PBXBuildFile; fileRef = 840344451F9EE5DE00296738 /* main.cpp */; };
		8403444E1F9EE5F000296738 /* upDate.cpp in Sources */ = {isa = PBXBuildFile; fileRef = 8403444C1F9EE5F000296738 /* upDate.cpp */; };
/* End PBXBuildFile section */

/* Begin PBXCopyFilesBuildPhase section */
		840344401F9EE5DE00296738 /* CopyFiles */ = {
			isa = PBXCopyFilesBuildPhase;
			buildActionMask = 2147483647;
			dstPath = /usr/share/man/man1/;
			dstSubfolderSpec = 0;
			files = (
			);
			runOnlyForDeploymentPostprocessing = 1;
		};
/* End PBXCopyFilesBuildPhase section */

/* Begin PBXFileReference section */
		840344421F9EE5DE00296738 /* Overloading Operators */ = {isa = PBXFileReference; explicitFileType = "compiled.mach-o.executable"; includeInIndex = 0; path = "Overloading Operators"; sourceTree = BUILT_PRODUCTS_DIR; };
		840344451F9EE5DE00296738 /* main.cpp */ = {isa = PBXFileReference; lastKnownFileType = sourcecode.cpp.cpp; path = main.cpp; sourceTree = "<group>"; };
		8403444C1F9EE5F000296738 /* upDate.cpp */ = {isa = PBXFileReference; fileEncoding = 4; lastKnownFileType = sourcecode.cpp.cpp; path = upDate.cpp; sourceTree = "<group>"; };
		8403444D1F9EE5F000296738 /* upDate.h */ = {isa = PBXFileReference; fileEncoding = 4; lastKnownFileType = sourcecode.c.h; path = upDate.h; sourceTree = "<group>"; };
/* End PBXFileReference section */

/* Begin PBXFrameworksBuildPhase section */
		8403443F1F9EE5DE00296738 /* Frameworks */ = {
			isa = PBXFrameworksBuildPhase;
			buildActionMask = 2147483647;
			files = (
			);
			runOnlyForDeploymentPostprocessing = 0;
		};
/* End PBXFrameworksBuildPhase section */

/* Begin PBXGroup section */
		840344391F9EE5DE00296738 = {
			isa = PBXGroup;
			children = (
				840344441F9EE5DE00296738 /* Overloading Operators */,
				840344431F9EE5DE00296738 /* Products */,
			);
			sourceTree = "<group>";
		};
		840344431F9EE5DE00296738 /* Products */ = {
			isa = PBXGroup;
			children = (
				840344421F9EE5DE00296738 /* Overloading Operators */,
			);
			name = Products;
			sourceTree = "<group>";
		};
		840344441F9EE5DE00296738 /* Overloading Operators */ = {
			isa = PBXGroup;
			children = (
				840344451F9EE5DE00296738 /* main.cpp */,
				8403444C1F9EE5F000296738 /* upDate.cpp */,
				8403444D1F9EE5F000296738 /* upDate.h */,
			);
			path = "Overloading Operators";
			sourceTree = "<group>";
		};
/* End PBXGroup section */

/* Begin PBXNativeTarget section */
		840344411F9EE5DE00296738 /* Overloading Operators */ = {
			isa = PBXNativeTarget;
			buildConfigurationList = 840344491F9EE5DE00296738 /* Build configuration list for PBXNativeTarget "Overloading Operators" */;
			buildPhases = (
				8403443E1F9EE5DE00296738 /* Sources */,
				8403443F1F9EE5DE00296738 /* Frameworks */,
				840344401F9EE5DE00296738 /* CopyFiles */,
			);
			buildRules = (
			);
			dependencies = (
			);
			name = "Overloading Operators";
			productName = "Overloading Operators";
			productReference = 840344421F9EE5DE00296738 /* Overloading Operators */;
			productType = "com.apple.product-type.tool";
		};
/* End PBXNativeTarget section */

/* Begin PBXProject section */
		8403443A1F9EE5DE00296738 /* Project object */ = {
			isa = PBXProject;
			attributes = {
				LastUpgradeCheck = 0730;
				ORGANIZATIONNAME = "Thanh Le";
				TargetAttributes = {
					840344411F9EE5DE00296738 = {
						CreatedOnToolsVersion = 7.3.1;
					};
				};
			};
			buildConfigurationList = 8403443D1F9EE5DE00296738 /* Build configuration list for PBXProject "Overloading Operators" */;
			compatibilityVersion = "Xcode 3.2";
			developmentRegion = English;
			hasScannedForEncodings = 0;
			knownRegions = (
				en,
			);
			mainGroup = 840344391F9EE5DE00296738;
			productRefGroup = 840344431F9EE5DE00296738 /* Products */;
			projectDirPath = "";
			projectRoot = "";
			targets = (
				840344411F9EE5DE00296738 /* Overloading Operators */,
			);
		};
/* End PBXProject section */

/* Begin PBXSourcesBuildPhase section */
		8403443E1F9EE5DE00296738 /* Sources */ = {
			isa = PBXSourcesBuildPhase;
			buildActionMask = 2147483647;
			files = (
				8403444E1F9EE5F000296738 /* upDate.cpp in Sources */,
				840344461F9EE5DE00296738 /* main.cpp in Sources */,
			);
			runOnlyForDeploymentPostprocessing = 0;
		};
/* End PBXSourcesBuildPhase section */

/* Begin XCBuildConfiguration section */
		840344471F9EE5DE00296738 /* Debug */ = {
			isa = XCBuildConfiguration;
			buildSettings = {
				ALWAYS_SEARCH_USER_PATHS = NO;
				CLANG_ANALYZER_NONNULL = YES;
				CLANG_CXX_LANGUAGE_STANDARD = "gnu++0x";
				CLANG_CXX_LIBRARY = "libc++";
				CLANG_ENABLE_MODULES = YES;
				CLANG_ENABLE_OBJC_ARC = YES;
				CLANG_WARN_BOOL_CONVERSION = YES;
				CLANG_WARN_CONSTANT_CONVERSION = YES;
				CLANG_WARN_DIRECT_OBJC_ISA_USAGE = YES_ERROR;
				CLANG_WARN_EMPTY_BODY = YES;
				CLANG_WARN_ENUM_CONVERSION = YES;
				CLANG_WARN_INT_CONVERSION = YES;
				CLANG_WARN_OBJC_ROOT_CLASS = YES_ERROR;
				CLANG_WARN_UNREACHABLE_CODE = YES;
				CLANG_WARN__DUPLICATE_METHOD_MATCH = YES;
				CODE_SIGN_IDENTITY = "-";
				COPY_PHASE_STRIP = NO;
				DEBUG_INFORMATION_FORMAT = dwarf;
				ENABLE_STRICT_OBJC_MSGSEND = YES;
				ENABLE_TESTABILITY = YES;
				GCC_C_LANGUAGE_STANDARD = gnu99;
				GCC_DYNAMIC_NO_PIC = NO;
				GCC_NO_COMMON_BLOCKS = YES;
				GCC_OPTIMIZATION_LEVEL = 0;
				GCC_PREPROCESSOR_DEFINITIONS = (
					"DEBUG=1",
					"$(inherited)",
				);
				GCC_WARN_64_TO_32_BIT_CONVERSION = YES;
				GCC_WARN_ABOUT_RETURN_TYPE = YES_ERROR;
				GCC_WARN_UNDECLARED_SELECTOR = YES;
				GCC_WARN_UNINITIALIZED_AUTOS = YES_AGGRESSIVE;
				GCC_WARN_UNUSED_FUNCTION = YES;
				GCC_WARN_UNUSED_VARIABLE = YES;
				MACOSX_DEPLOYMENT_TARGET = 10.13;
				MTL_ENABLE_DEBUG_INFO = YES;
				ONLY_ACTIVE_ARCH = YES;
				SDKROOT = macosx;
			};
			name = Debug;
		};
		840344481F9EE5DE00296738 /* Release */ = {
			isa = XCBuildConfiguration;
			buildSettings = {
				ALWAYS_SEARCH_USER_PATHS = NO;
				CLANG_ANALYZER_NONNULL = YES;
				CLANG_CXX_LANGUAGE_STANDARD = "gnu++0x";
				CLANG_CXX_LIBRARY = "libc++";
				CLANG_ENABLE_MODULES = YES;
				CLANG_ENABLE_OBJC_ARC = YES;
				CLANG_WARN_BOOL_CONVERSION = YES;
				CLANG_WARN_CONSTANT_CONVERSION = YES;
				CLANG_WARN_DIRECT_OBJC_ISA_USAGE = YES_ERROR;
				CLANG_WARN_EMPTY_BODY = YES;
				CLANG_WARN_ENUM_CONVERSION = YES;
				CLANG_WARN_INT_CONVERSION = YES;
				CLANG_WARN_OBJC_ROOT_CLASS = YES_ERROR;
				CLANG_WARN_UNREACHABLE_CODE = YES;
				CLANG_WARN__DUPLICATE_METHOD_MATCH = YES;
				CODE_SIGN_IDENTITY = "-";
				COPY_PHASE_STRIP = NO;
				DEBUG_INFORMATION_FORMAT = "dwarf-with-dsym";
				ENABLE_NS_ASSERTIONS = NO;
				ENABLE_STRICT_OBJC_MSGSEND = YES;
				GCC_C_LANGUAGE_STANDARD = gnu99;
				GCC_NO_COMMON_BLOCKS = YES;
				GCC_WARN_64_TO_32_BIT_CONVERSION = YES;
				GCC_WARN_ABOUT_RETURN_TYPE = YES_ERROR;
				GCC_WARN_UNDECLARED_SELECTOR = YES;
				GCC_WARN_UNINITIALIZED_AUTOS = YES_AGGRESSIVE;
				GCC_WARN_UNUSED_FUNCTION = YES;
				GCC_WARN_UNUSED_VARIABLE = YES;
				MACOSX_DEPLOYMENT_TARGET = 10.13;
				MTL_ENABLE_DEBUG_INFO = NO;
				SDKROOT = macosx;
			};
			name = Release;
		};
		8403444A1F9EE5DE00296738 /* Debug */ = {
			isa = XCBuildConfiguration;
			buildSettings = {
				PRODUCT_NAME = "$(TARGET_NAME)";
			};
			name = Debug;
		};
		8403444B1F9EE5DE00296738 /* Release */ = {
			isa = XCBuildConfiguration;
			buildSettings = {
				PRODUCT_NAME = "$(TARGET_NAME)";
			};
			name = Release;
		};
/* End XCBuildConfiguration section */

/* Begin XCConfigurationList section */
		8403443D1F9EE5DE00296738 /* Build configuration list for PBXProject "Overloading Operators" */ = {
			isa = XCConfigurationList;
			buildConfigurations = (
				840344471F9EE5DE00296738 /* Debug */,
				840344481F9EE5DE00296738 /* Release */,
			);
			defaultConfigurationIsVisible = 0;
			defaultConfigurationName = Release;
		};
		840344491F9EE5DE00296738 /* Build configuration list for PBXNativeTarget "Overloading Operators" */ = {
			isa = XCConfigurationList;
			buildConfigurations = (
				8403444A1F9EE5DE00296738 /* Debug */,
				8403444B1F9EE5DE00296738 /* Release */,
			);
			defaultConfigurationIsVisible = 0;
		};
/* End XCConfigurationList section */
	};
	rootObject = 8403443A1F9EE5DE00296738 /* Project object */;
}
