// !$*UTF8*$!
{
	archiveVersion = 1;
	classes = {
	};
	objectVersion = 46;
	objects = {

/* Begin PBXBuildFile section */
		8401133B1F70F63300F0B900 /* main.cpp in Sources */ = {isa = PBXBuildFile; fileRef = 8401133A1F70F63300F0B900 /* main.cpp */; };
		840113431F70F65100F0B900 /* myDate.cpp in Sources */ = {isa = PBXBuildFile; fileRef = 840113411F70F65100F0B900 /* myDate.cpp */; };
/* End PBXBuildFile section */

/* Begin PBXCopyFilesBuildPhase section */
		840113351F70F63300F0B900 /* CopyFiles */ = {
			isa = PBXCopyFilesBuildPhase;
			buildActionMask = 2147483647;
			dstPath = /usr/share/man/man1/;
			dstSubfolderSpec = 0;
			files = (
			);
			runOnlyForDeploymentPostprocessing = 1;
		};
/* End PBXCopyFilesBuildPhase section */

/* Begin PBXFileReference section */
		840113371F70F63300F0B900 /* ADT (Data Object) */ = {isa = PBXFileReference; explicitFileType = "compiled.mach-o.executable"; includeInIndex = 0; path = "ADT (Data Object)"; sourceTree = BUILT_PRODUCTS_DIR; };
		8401133A1F70F63300F0B900 /* main.cpp */ = {isa = PBXFileReference; lastKnownFileType = sourcecode.cpp.cpp; path = main.cpp; sourceTree = "<group>"; };
		840113411F70F65100F0B900 /* myDate.cpp */ = {isa = PBXFileReference; fileEncoding = 4; lastKnownFileType = sourcecode.cpp.cpp; path = myDate.cpp; sourceTree = "<group>"; };
		840113421F70F65100F0B900 /* myDate.h */ = {isa = PBXFileReference; fileEncoding = 4; lastKnownFileType = sourcecode.c.h; path = myDate.h; sourceTree = "<group>"; };
/* End PBXFileReference section */

/* Begin PBXFrameworksBuildPhase section */
		840113341F70F63300F0B900 /* Frameworks */ = {
			isa = PBXFrameworksBuildPhase;
			buildActionMask = 2147483647;
			files = (
			);
			runOnlyForDeploymentPostprocessing = 0;
		};
/* End PBXFrameworksBuildPhase section */

/* Begin PBXGroup section */
		8401132E1F70F63300F0B900 = {
			isa = PBXGroup;
			children = (
				840113391F70F63300F0B900 /* ADT (Data Object) */,
				840113381F70F63300F0B900 /* Products */,
			);
			sourceTree = "<group>";
		};
		840113381F70F63300F0B900 /* Products */ = {
			isa = PBXGroup;
			children = (
				840113371F70F63300F0B900 /* ADT (Data Object) */,
			);
			name = Products;
			sourceTree = "<group>";
		};
		840113391F70F63300F0B900 /* ADT (Data Object) */ = {
			isa = PBXGroup;
			children = (
				8401133A1F70F63300F0B900 /* main.cpp */,
				840113411F70F65100F0B900 /* myDate.cpp */,
				840113421F70F65100F0B900 /* myDate.h */,
			);
			path = "ADT (Data Object)";
			sourceTree = "<group>";
		};
/* End PBXGroup section */

/* Begin PBXNativeTarget section */
		840113361F70F63300F0B900 /* ADT (Data Object) */ = {
			isa = PBXNativeTarget;
			buildConfigurationList = 8401133E1F70F63300F0B900 /* Build configuration list for PBXNativeTarget "ADT (Data Object)" */;
			buildPhases = (
				840113331F70F63300F0B900 /* Sources */,
				840113341F70F63300F0B900 /* Frameworks */,
				840113351F70F63300F0B900 /* CopyFiles */,
			);
			buildRules = (
			);
			dependencies = (
			);
			name = "ADT (Data Object)";
			productName = "ADT (Data Object)";
			productReference = 840113371F70F63300F0B900 /* ADT (Data Object) */;
			productType = "com.apple.product-type.tool";
		};
/* End PBXNativeTarget section */

/* Begin PBXProject section */
		8401132F1F70F63300F0B900 /* Project object */ = {
			isa = PBXProject;
			attributes = {
				LastUpgradeCheck = 0730;
				ORGANIZATIONNAME = "Thanh LeThanh";
				TargetAttributes = {
					840113361F70F63300F0B900 = {
						CreatedOnToolsVersion = 7.3.1;
					};
				};
			};
			buildConfigurationList = 840113321F70F63300F0B900 /* Build configuration list for PBXProject "ADT (Data Object)" */;
			compatibilityVersion = "Xcode 3.2";
			developmentRegion = English;
			hasScannedForEncodings = 0;
			knownRegions = (
				en,
			);
			mainGroup = 8401132E1F70F63300F0B900;
			productRefGroup = 840113381F70F63300F0B900 /* Products */;
			projectDirPath = "";
			projectRoot = "";
			targets = (
				840113361F70F63300F0B900 /* ADT (Data Object) */,
			);
		};
/* End PBXProject section */

/* Begin PBXSourcesBuildPhase section */
		840113331F70F63300F0B900 /* Sources */ = {
			isa = PBXSourcesBuildPhase;
			buildActionMask = 2147483647;
			files = (
				8401133B1F70F63300F0B900 /* main.cpp in Sources */,
				840113431F70F65100F0B900 /* myDate.cpp in Sources */,
			);
			runOnlyForDeploymentPostprocessing = 0;
		};
/* End PBXSourcesBuildPhase section */

/* Begin XCBuildConfiguration section */
		8401133C1F70F63300F0B900 /* Debug */ = {
			isa = XCBuildConfiguration;
			buildSettings = {
				ALWAYS_SEARCH_USER_PATHS = NO;
				CLANG_ANALYZER_NONNULL = YES;
				CLANG_CXX_LANGUAGE_STANDARD = "gnu++0x";
				CLANG_CXX_LIBRARY = "libc++";
				CLANG_ENABLE_MODULES = YES;
				CLANG_ENABLE_OBJC_ARC = YES;
				CLANG_WARN_BOOL_CONVERSION = YES;
				CLANG_WARN_CONSTANT_CONVERSION = YES;
				CLANG_WARN_DIRECT_OBJC_ISA_USAGE = YES_ERROR;
				CLANG_WARN_EMPTY_BODY = YES;
				CLANG_WARN_ENUM_CONVERSION = YES;
				CLANG_WARN_INT_CONVERSION = YES;
				CLANG_WARN_OBJC_ROOT_CLASS = YES_ERROR;
				CLANG_WARN_UNREACHABLE_CODE = YES;
				CLANG_WARN__DUPLICATE_METHOD_MATCH = YES;
				CODE_SIGN_IDENTITY = "-";
				COPY_PHASE_STRIP = NO;
				DEBUG_INFORMATION_FORMAT = dwarf;
				ENABLE_STRICT_OBJC_MSGSEND = YES;
				ENABLE_TESTABILITY = YES;
				GCC_C_LANGUAGE_STANDARD = gnu99;
				GCC_DYNAMIC_NO_PIC = NO;
				GCC_NO_COMMON_BLOCKS = YES;
				GCC_OPTIMIZATION_LEVEL = 0;
				GCC_PREPROCESSOR_DEFINITIONS = (
					"DEBUG=1",
					"$(inherited)",
				);
				GCC_WARN_64_TO_32_BIT_CONVERSION = YES;
				GCC_WARN_ABOUT_RETURN_TYPE = YES_ERROR;
				GCC_WARN_UNDECLARED_SELECTOR = YES;
				GCC_WARN_UNINITIALIZED_AUTOS = YES_AGGRESSIVE;
				GCC_WARN_UNUSED_FUNCTION = YES;
				GCC_WARN_UNUSED_VARIABLE = YES;
				MACOSX_DEPLOYMENT_TARGET = 10.12;
				MTL_ENABLE_DEBUG_INFO = YES;
				ONLY_ACTIVE_ARCH = YES;
				SDKROOT = macosx;
			};
			name = Debug;
		};
		8401133D1F70F63300F0B900 /* Release */ = {
			isa = XCBuildConfiguration;
			buildSettings = {
				ALWAYS_SEARCH_USER_PATHS = NO;
				CLANG_ANALYZER_NONNULL = YES;
				CLANG_CXX_LANGUAGE_STANDARD = "gnu++0x";
				CLANG_CXX_LIBRARY = "libc++";
				CLANG_ENABLE_MODULES = YES;
				CLANG_ENABLE_OBJC_ARC = YES;
				CLANG_WARN_BOOL_CONVERSION = YES;
				CLANG_WARN_CONSTANT_CONVERSION = YES;
				CLANG_WARN_DIRECT_OBJC_ISA_USAGE = YES_ERROR;
				CLANG_WARN_EMPTY_BODY = YES;
				CLANG_WARN_ENUM_CONVERSION = YES;
				CLANG_WARN_INT_CONVERSION = YES;
				CLANG_WARN_OBJC_ROOT_CLASS = YES_ERROR;
				CLANG_WARN_UNREACHABLE_CODE = YES;
				CLANG_WARN__DUPLICATE_METHOD_MATCH = YES;
				CODE_SIGN_IDENTITY = "-";
				COPY_PHASE_STRIP = NO;
				DEBUG_INFORMATION_FORMAT = "dwarf-with-dsym";
				ENABLE_NS_ASSERTIONS = NO;
				ENABLE_STRICT_OBJC_MSGSEND = YES;
				GCC_C_LANGUAGE_STANDARD = gnu99;
				GCC_NO_COMMON_BLOCKS = YES;
				GCC_WARN_64_TO_32_BIT_CONVERSION = YES;
				GCC_WARN_ABOUT_RETURN_TYPE = YES_ERROR;
				GCC_WARN_UNDECLARED_SELECTOR = YES;
				GCC_WARN_UNINITIALIZED_AUTOS = YES_AGGRESSIVE;
				GCC_WARN_UNUSED_FUNCTION = YES;
				GCC_WARN_UNUSED_VARIABLE = YES;
				MACOSX_DEPLOYMENT_TARGET = 10.12;
				MTL_ENABLE_DEBUG_INFO = NO;
				SDKROOT = macosx;
			};
			name = Release;
		};
		8401133F1F70F63300F0B900 /* Debug */ = {
			isa = XCBuildConfiguration;
			buildSettings = {
				PRODUCT_NAME = "$(TARGET_NAME)";
			};
			name = Debug;
		};
		840113401F70F63300F0B900 /* Release */ = {
			isa = XCBuildConfiguration;
			buildSettings = {
				PRODUCT_NAME = "$(TARGET_NAME)";
			};
			name = Release;
		};
/* End XCBuildConfiguration section */

/* Begin XCConfigurationList section */
		840113321F70F63300F0B900 /* Build configuration list for PBXProject "ADT (Data Object)" */ = {
			isa = XCConfigurationList;
			buildConfigurations = (
				8401133C1F70F63300F0B900 /* Debug */,
				8401133D1F70F63300F0B900 /* Release */,
			);
			defaultConfigurationIsVisible = 0;
			defaultConfigurationName = Release;
		};
		8401133E1F70F63300F0B900 /* Build configuration list for PBXNativeTarget "ADT (Data Object)" */ = {
			isa = XCConfigurationList;
			buildConfigurations = (
				8401133F1F70F63300F0B900 /* Debug */,
				840113401F70F63300F0B900 /* Release */,
			);
			defaultConfigurationIsVisible = 0;
		};
/* End XCConfigurationList section */
	};
	rootObject = 8401132F1F70F63300F0B900 /* Project object */;
}
