// !$*UTF8*$!
{
	archiveVersion = 1;
	classes = {
	};
	objectVersion = 46;
	objects = {

/* Begin PBXBuildFile section */
		841D6D8B1F61C70B00940FB0 /* main.cpp in Sources */ = {isa = PBXBuildFile; fileRef = 841D6D8A1F61C70B00940FB0 /* main.cpp */; };
		841D6D931F61C75000940FB0 /* Card.cpp in Sources */ = {isa = PBXBuildFile; fileRef = 841D6D911F61C75000940FB0 /* Card.cpp */; };
		841D6D961F61CEF100940FB0 /* Deck.cpp in Sources */ = {isa = PBXBuildFile; fileRef = 841D6D941F61CEF100940FB0 /* Deck.cpp */; };
/* End PBXBuildFile section */

/* Begin PBXCopyFilesBuildPhase section */
		841D6D851F61C70B00940FB0 /* CopyFiles */ = {
			isa = PBXCopyFilesBuildPhase;
			buildActionMask = 2147483647;
			dstPath = /usr/share/man/man1/;
			dstSubfolderSpec = 0;
			files = (
			);
			runOnlyForDeploymentPostprocessing = 1;
		};
/* End PBXCopyFilesBuildPhase section */

/* Begin PBXFileReference section */
		841D6D871F61C70B00940FB0 /* WAR */ = {isa = PBXFileReference; explicitFileType = "compiled.mach-o.executable"; includeInIndex = 0; path = WAR; sourceTree = BUILT_PRODUCTS_DIR; };
		841D6D8A1F61C70B00940FB0 /* main.cpp */ = {isa = PBXFileReference; lastKnownFileType = sourcecode.cpp.cpp; path = main.cpp; sourceTree = "<group>"; };
		841D6D911F61C75000940FB0 /* Card.cpp */ = {isa = PBXFileReference; fileEncoding = 4; lastKnownFileType = sourcecode.cpp.cpp; path = Card.cpp; sourceTree = "<group>"; };
		841D6D921F61C75000940FB0 /* Card.h */ = {isa = PBXFileReference; explicitFileType = sourcecode.cpp.h; fileEncoding = 4; path = Card.h; sourceTree = "<group>"; };
		841D6D941F61CEF100940FB0 /* Deck.cpp */ = {isa = PBXFileReference; fileEncoding = 4; lastKnownFileType = sourcecode.cpp.cpp; path = Deck.cpp; sourceTree = "<group>"; };
		841D6D951F61CEF100940FB0 /* Deck.h */ = {isa = PBXFileReference; explicitFileType = sourcecode.cpp.h; fileEncoding = 4; path = Deck.h; sourceTree = "<group>"; };
/* End PBXFileReference section */

/* Begin PBXFrameworksBuildPhase section */
		841D6D841F61C70B00940FB0 /* Frameworks */ = {
			isa = PBXFrameworksBuildPhase;
			buildActionMask = 2147483647;
			files = (
			);
			runOnlyForDeploymentPostprocessing = 0;
		};
/* End PBXFrameworksBuildPhase section */

/* Begin PBXGroup section */
		841D6D7E1F61C70B00940FB0 = {
			isa = PBXGroup;
			children = (
				841D6D891F61C70B00940FB0 /* WAR */,
				841D6D881F61C70B00940FB0 /* Products */,
			);
			sourceTree = "<group>";
		};
		841D6D881F61C70B00940FB0 /* Products */ = {
			isa = PBXGroup;
			children = (
				841D6D871F61C70B00940FB0 /* WAR */,
			);
			name = Products;
			sourceTree = "<group>";
		};
		841D6D891F61C70B00940FB0 /* WAR */ = {
			isa = PBXGroup;
			children = (
				841D6D8A1F61C70B00940FB0 /* main.cpp */,
				841D6D911F61C75000940FB0 /* Card.cpp */,
				841D6D921F61C75000940FB0 /* Card.h */,
				841D6D941F61CEF100940FB0 /* Deck.cpp */,
				841D6D951F61CEF100940FB0 /* Deck.h */,
			);
			path = WAR;
			sourceTree = "<group>";
		};
/* End PBXGroup section */

/* Begin PBXNativeTarget section */
		841D6D861F61C70B00940FB0 /* WAR */ = {
			isa = PBXNativeTarget;
			buildConfigurationList = 841D6D8E1F61C70B00940FB0 /* Build configuration list for PBXNativeTarget "WAR" */;
			buildPhases = (
				841D6D831F61C70B00940FB0 /* Sources */,
				841D6D841F61C70B00940FB0 /* Frameworks */,
				841D6D851F61C70B00940FB0 /* CopyFiles */,
			);
			buildRules = (
			);
			dependencies = (
			);
			name = WAR;
			productName = WAR;
			productReference = 841D6D871F61C70B00940FB0 /* WAR */;
			productType = "com.apple.product-type.tool";
		};
/* End PBXNativeTarget section */

/* Begin PBXProject section */
		841D6D7F1F61C70B00940FB0 /* Project object */ = {
			isa = PBXProject;
			attributes = {
				LastUpgradeCheck = 0730;
				ORGANIZATIONNAME = "Thanh LeThanh";
				TargetAttributes = {
					841D6D861F61C70B00940FB0 = {
						CreatedOnToolsVersion = 7.3.1;
					};
				};
			};
			buildConfigurationList = 841D6D821F61C70B00940FB0 /* Build configuration list for PBXProject "WAR" */;
			compatibilityVersion = "Xcode 3.2";
			developmentRegion = English;
			hasScannedForEncodings = 0;
			knownRegions = (
				en,
			);
			mainGroup = 841D6D7E1F61C70B00940FB0;
			productRefGroup = 841D6D881F61C70B00940FB0 /* Products */;
			projectDirPath = "";
			projectRoot = "";
			targets = (
				841D6D861F61C70B00940FB0 /* WAR */,
			);
		};
/* End PBXProject section */

/* Begin PBXSourcesBuildPhase section */
		841D6D831F61C70B00940FB0 /* Sources */ = {
			isa = PBXSourcesBuildPhase;
			buildActionMask = 2147483647;
			files = (
				841D6D961F61CEF100940FB0 /* Deck.cpp in Sources */,
				841D6D8B1F61C70B00940FB0 /* main.cpp in Sources */,
				841D6D931F61C75000940FB0 /* Card.cpp in Sources */,
			);
			runOnlyForDeploymentPostprocessing = 0;
		};
/* End PBXSourcesBuildPhase section */

/* Begin XCBuildConfiguration section */
		841D6D8C1F61C70B00940FB0 /* Debug */ = {
			isa = XCBuildConfiguration;
			buildSettings = {
				ALWAYS_SEARCH_USER_PATHS = NO;
				CLANG_ANALYZER_NONNULL = YES;
				CLANG_CXX_LANGUAGE_STANDARD = "gnu++0x";
				CLANG_CXX_LIBRARY = "libc++";
				CLANG_ENABLE_MODULES = YES;
				CLANG_ENABLE_OBJC_ARC = YES;
				CLANG_WARN_BOOL_CONVERSION = YES;
				CLANG_WARN_CONSTANT_CONVERSION = YES;
				CLANG_WARN_DIRECT_OBJC_ISA_USAGE = YES_ERROR;
				CLANG_WARN_EMPTY_BODY = YES;
				CLANG_WARN_ENUM_CONVERSION = YES;
				CLANG_WARN_INT_CONVERSION = YES;
				CLANG_WARN_OBJC_ROOT_CLASS = YES_ERROR;
				CLANG_WARN_UNREACHABLE_CODE = YES;
				CLANG_WARN__DUPLICATE_METHOD_MATCH = YES;
				CODE_SIGN_IDENTITY = "-";
				COPY_PHASE_STRIP = NO;
				DEBUG_INFORMATION_FORMAT = dwarf;
				ENABLE_STRICT_OBJC_MSGSEND = YES;
				ENABLE_TESTABILITY = YES;
				GCC_C_LANGUAGE_STANDARD = gnu99;
				GCC_DYNAMIC_NO_PIC = NO;
				GCC_NO_COMMON_BLOCKS = YES;
				GCC_OPTIMIZATION_LEVEL = 0;
				GCC_PREPROCESSOR_DEFINITIONS = (
					"DEBUG=1",
					"$(inherited)",
				);
				GCC_WARN_64_TO_32_BIT_CONVERSION = YES;
				GCC_WARN_ABOUT_RETURN_TYPE = YES_ERROR;
				GCC_WARN_UNDECLARED_SELECTOR = YES;
				GCC_WARN_UNINITIALIZED_AUTOS = YES_AGGRESSIVE;
				GCC_WARN_UNUSED_FUNCTION = YES;
				GCC_WARN_UNUSED_VARIABLE = YES;
				MACOSX_DEPLOYMENT_TARGET = 10.12;
				MTL_ENABLE_DEBUG_INFO = YES;
				ONLY_ACTIVE_ARCH = YES;
				SDKROOT = macosx;
			};
			name = Debug;
		};
		841D6D8D1F61C70B00940FB0 /* Release */ = {
			isa = XCBuildConfiguration;
			buildSettings = {
				ALWAYS_SEARCH_USER_PATHS = NO;
				CLANG_ANALYZER_NONNULL = YES;
				CLANG_CXX_LANGUAGE_STANDARD = "gnu++0x";
				CLANG_CXX_LIBRARY = "libc++";
				CLANG_ENABLE_MODULES = YES;
				CLANG_ENABLE_OBJC_ARC = YES;
				CLANG_WARN_BOOL_CONVERSION = YES;
				CLANG_WARN_CONSTANT_CONVERSION = YES;
				CLANG_WARN_DIRECT_OBJC_ISA_USAGE = YES_ERROR;
				CLANG_WARN_EMPTY_BODY = YES;
				CLANG_WARN_ENUM_CONVERSION = YES;
				CLANG_WARN_INT_CONVERSION = YES;
				CLANG_WARN_OBJC_ROOT_CLASS = YES_ERROR;
				CLANG_WARN_UNREACHABLE_CODE = YES;
				CLANG_WARN__DUPLICATE_METHOD_MATCH = YES;
				CODE_SIGN_IDENTITY = "-";
				COPY_PHASE_STRIP = NO;
				DEBUG_INFORMATION_FORMAT = "dwarf-with-dsym";
				ENABLE_NS_ASSERTIONS = NO;
				ENABLE_STRICT_OBJC_MSGSEND = YES;
				GCC_C_LANGUAGE_STANDARD = gnu99;
				GCC_NO_COMMON_BLOCKS = YES;
				GCC_WARN_64_TO_32_BIT_CONVERSION = YES;
				GCC_WARN_ABOUT_RETURN_TYPE = YES_ERROR;
				GCC_WARN_UNDECLARED_SELECTOR = YES;
				GCC_WARN_UNINITIALIZED_AUTOS = YES_AGGRESSIVE;
				GCC_WARN_UNUSED_FUNCTION = YES;
				GCC_WARN_UNUSED_VARIABLE = YES;
				MACOSX_DEPLOYMENT_TARGET = 10.12;
				MTL_ENABLE_DEBUG_INFO = NO;
				SDKROOT = macosx;
			};
			name = Release;
		};
		841D6D8F1F61C70B00940FB0 /* Debug */ = {
			isa = XCBuildConfiguration;
			buildSettings = {
				PRODUCT_NAME = "$(TARGET_NAME)";
			};
			name = Debug;
		};
		841D6D901F61C70B00940FB0 /* Release */ = {
			isa = XCBuildConfiguration;
			buildSettings = {
				PRODUCT_NAME = "$(TARGET_NAME)";
			};
			name = Release;
		};
/* End XCBuildConfiguration section */

/* Begin XCConfigurationList section */
		841D6D821F61C70B00940FB0 /* Build configuration list for PBXProject "WAR" */ = {
			isa = XCConfigurationList;
			buildConfigurations = (
				841D6D8C1F61C70B00940FB0 /* Debug */,
				841D6D8D1F61C70B00940FB0 /* Release */,
			);
			defaultConfigurationIsVisible = 0;
			defaultConfigurationName = Release;
		};
		841D6D8E1F61C70B00940FB0 /* Build configuration list for PBXNativeTarget "WAR" */ = {
			isa = XCConfigurationList;
			buildConfigurations = (
				841D6D8F1F61C70B00940FB0 /* Debug */,
				841D6D901F61C70B00940FB0 /* Release */,
			);
			defaultConfigurationIsVisible = 0;
			defaultConfigurationName = Release;
		};
/* End XCConfigurationList section */
	};
	rootObject = 841D6D7F1F61C70B00940FB0 /* Project object */;
}
